
Microsoft Visual Studio Solution File, Format Version 11.00
# Visual Studio 2010
Project("{FAE04EC0-301F-11D3-BF4B-00C04F79EFBC}") = "Unity.2D.PixelPerfect.Tests", "Unity.2D.PixelPerfect.Tests.csproj", "{F515D36F-9A05-61E8-40D1-074C7714FF5E}"
EndProject
Project("{FAE04EC0-301F-11D3-BF4B-00C04F79EFBC}") = "UnityEngine.TestRunner", "UnityEngine.TestRunner.csproj", "{B7D9071A-EDF7-B1DD-EB30-6B3F9C37385D}"
EndProject
Project("{FAE04EC0-301F-11D3-BF4B-00C04F79EFBC}") = "Unity.Mathematics", "Unity.Mathematics.csproj", "{2A6FCC18-6604-4358-4CF6-EDAE8FE2958B}"
EndProject
Project("{FAE04EC0-301F-11D3-BF4B-00C04F79EFBC}") = "Unity.2D.Animation.Triangle.Runtime", "Unity.2D.Animation.Triangle.Runtime.csproj", "{3E34B192-68A1-4DCC-B046-D07A1957B680}"
EndProject
Project("{FAE04EC0-301F-11D3-BF4B-00C04F79EFBC}") = "UnityEngine.UI.Tests", "UnityEngine.UI.Tests.csproj", "{7B8559B8-F181-38EC-02CB-C32D63D4E14F}"
EndProject
Project("{FAE04EC0-301F-11D3-BF4B-00C04F79EFBC}") = "Unity.Timeline", "Unity.Timeline.csproj", "{DF6A35FF-9535-095E-17EF-7B639D7B6D48}"
EndProject
Project("{FAE04EC0-301F-11D3-BF4B-00C04F79EFBC}") = "UnityEngine.UI", "UnityEngine.UI.csproj", "{C3AD7095-EE46-7655-ECBB-42C4423EFDB5}"
EndProject
Project("{FAE04EC0-301F-11D3-BF4B-00C04F79EFBC}") = "Unity.TextMeshPro", "Unity.TextMeshPro.csproj", "{3683D283-86CD-20FE-2FFF-B929A686A3AC}"
EndProject
Project("{FAE04EC0-301F-11D3-BF4B-00C04F79EFBC}") = "Unity.2D.Animation.Runtime", "Unity.2D.Animation.Runtime.csproj", "{A74C301F-7927-9805-98C1-2F1FEDE27111}"
EndProject
Project("{FAE04EC0-301F-11D3-BF4B-00C04F79EFBC}") = "Unity.2D.IK.Runtime", "Unity.2D.IK.Runtime.csproj", "{AAC09901-7359-F7D8-1ACF-4FD60E04CB25}"
EndProject
Project("{FAE04EC0-301F-11D3-BF4B-00C04F79EFBC}") = "Unity.2D.SpriteShape.Runtime", "Unity.2D.SpriteShape.Runtime.csproj", "{02CF4D22-367C-ABD6-2C2B-FC4EB581FEB8}"
EndProject
Project("{FAE04EC0-301F-11D3-BF4B-00C04F79EFBC}") = "Assembly-CSharp", "Assembly-CSharp.csproj", "{ACA9D740-FE4B-FE64-C4CF-709179FEE61C}"
EndProject
Project("{FAE04EC0-301F-11D3-BF4B-00C04F79EFBC}") = "Unity.2D.PixelPerfect", "Unity.2D.PixelPerfect.csproj", "{CBAA056D-35D2-CEAF-8F43-E893A727369C}"
EndProject
Project("{FAE04EC0-301F-11D3-BF4B-00C04F79EFBC}") = "Unity.2D.Common.Runtime", "Unity.2D.Common.Runtime.csproj", "{210E0162-0EFE-E91E-B176-34D1CD1558FA}"
EndProject
Project("{FAE04EC0-301F-11D3-BF4B-00C04F79EFBC}") = "Unity.TextMeshPro.Tests", "Unity.TextMeshPro.Tests.csproj", "{27952470-059C-F39A-7EF7-669C3C5E5263}"
EndProject
Project("{FAE04EC0-301F-11D3-BF4B-00C04F79EFBC}") = "Unity.InternalAPIEngineBridge.001", "Unity.InternalAPIEngineBridge.001.csproj", "{B47AD74A-50DA-7AF8-54EB-B25BFAEE276E}"
EndProject
Project("{FAE04EC0-301F-11D3-BF4B-00C04F79EFBC}") = "UnityEditor.TestRunner", "UnityEditor.TestRunner.csproj", "{0CFF0E08-BD94-FFF3-B3C0-011F9C2350B8}"
EndProject
Project("{FAE04EC0-301F-11D3-BF4B-00C04F79EFBC}") = "Unity.PlasticSCM.Editor", "Unity.PlasticSCM.Editor.csproj", "{40422C8C-BC11-8716-915A-A89C193EDB91}"
EndProject
Project("{FAE04EC0-301F-11D3-BF4B-00C04F79EFBC}") = "UnityEditor.UI", "UnityEditor.UI.csproj", "{1CFE14C8-C145-7BD1-B948-7322A95AD243}"
EndProject
Project("{FAE04EC0-301F-11D3-BF4B-00C04F79EFBC}") = "Unity.Services.Core.Editor", "Unity.Services.Core.Editor.csproj", "{CD225F2C-576E-336B-F986-A56093E994C8}"
EndProject
Project("{FAE04EC0-301F-11D3-BF4B-00C04F79EFBC}") = "Unity.Timeline.Editor", "Unity.Timeline.Editor.csproj", "{2EB9AA10-F8A2-294B-3A1E-80090150723D}"
EndProject
Project("{FAE04EC0-301F-11D3-BF4B-00C04F79EFBC}") = "Unity.VisualStudio.Editor", "Unity.VisualStudio.Editor.csproj", "{F909BD3C-34BE-F56B-8027-DEE2063590DD}"
EndProject
Project("{FAE04EC0-301F-11D3-BF4B-00C04F79EFBC}") = "Unity.2D.Psdimporter.Editor", "Unity.2D.Psdimporter.Editor.csproj", "{E3A32267-03D4-2C5F-A358-E70797635659}"
EndProject
Project("{FAE04EC0-301F-11D3-BF4B-00C04F79EFBC}") = "Unity.2D.Animation.Editor", "Unity.2D.Animation.Editor.csproj", "{5722D116-8BFB-CCE7-3E93-8963BA89505A}"
EndProject
Project("{FAE04EC0-301F-11D3-BF4B-00C04F79EFBC}") = "Unity.TextMeshPro.Editor", "Unity.TextMeshPro.Editor.csproj", "{4794A1E5-649A-F6F1-20BC-C7B6E18AEDBE}"
EndProject
Project("{FAE04EC0-301F-11D3-BF4B-00C04F79EFBC}") = "Unity.2D.SpriteShape.Editor", "Unity.2D.SpriteShape.Editor.csproj", "{577F392A-636C-0602-6B55-55366B9B179C}"
EndProject
Project("{FAE04EC0-301F-11D3-BF4B-00C04F79EFBC}") = "Unity.CollabProxy.Editor", "Unity.CollabProxy.Editor.csproj", "{A7D004C3-B6D6-D014-4DC0-402F22F2EC65}"
EndProject
Project("{FAE04EC0-301F-11D3-BF4B-00C04F79EFBC}") = "PsdPlugin", "PsdPlugin.csproj", "{DB2DB129-DA0E-0D3C-2096-035A624C547B}"
EndProject
Project("{FAE04EC0-301F-11D3-BF4B-00C04F79EFBC}") = "DocCodeExamples", "DocCodeExamples.csproj", "{C7F65EA2-12E1-9ABA-0BD1-527C6CE630FF}"
EndProject
Project("{FAE04EC0-301F-11D3-BF4B-00C04F79EFBC}") = "Unity.2D.Path.Editor", "Unity.2D.Path.Editor.csproj", "{08338220-A39C-2D36-9755-0B0B4810BBE6}"
EndProject
Project("{FAE04EC0-301F-11D3-BF4B-00C04F79EFBC}") = "Unity.Mathematics.Tests", "Unity.Mathematics.Tests.csproj", "{C2D1C760-12FD-1537-A7D1-6E403F89E3DB}"
EndProject
Project("{FAE04EC0-301F-11D3-BF4B-00C04F79EFBC}") = "Unity.PlasticSCM.EditorTests", "Unity.PlasticSCM.EditorTests.csproj", "{5C18650E-BD0D-A396-D4B7-6F41FACA31D8}"
EndProject
Project("{FAE04EC0-301F-11D3-BF4B-00C04F79EFBC}") = "Unity.Rider.Editor", "Unity.Rider.Editor.csproj", "{E9EB3BFA-596F-9674-0A02-1CBD2D005CA6}"
EndProject
Project("{FAE04EC0-301F-11D3-BF4B-00C04F79EFBC}") = "UnityEditor.UI.EditorTests", "UnityEditor.UI.EditorTests.csproj", "{D8C736EC-FD93-8287-8170-532F6A9DB5D9}"
EndProject
Project("{FAE04EC0-301F-11D3-BF4B-00C04F79EFBC}") = "Unity.CollabProxy.EditorTests", "Unity.CollabProxy.EditorTests.csproj", "{6E4F14D2-1287-E73B-442F-1109ABE58081}"
EndProject
Project("{FAE04EC0-301F-11D3-BF4B-00C04F79EFBC}") = "Unity.2D.IK.Editor", "Unity.2D.IK.Editor.csproj", "{046DD729-8F52-C8BA-3F1E-A6BF5E6B2297}"
EndProject
Project("{FAE04EC0-301F-11D3-BF4B-00C04F79EFBC}") = "Unity.2D.SpriteShape.EditorTests", "Unity.2D.SpriteShape.EditorTests.csproj", "{2EE7E71A-D1AA-DCF1-336E-CF2B5128D1BC}"
EndProject
Project("{FAE04EC0-301F-11D3-BF4B-00C04F79EFBC}") = "Unity.2D.Sprite.Editor", "Unity.2D.Sprite.Editor.csproj", "{7A9E21A2-90C3-9BB0-F4C1-4B7A827DB0F8}"
EndProject
Project("{FAE04EC0-301F-11D3-BF4B-00C04F79EFBC}") = "Unity.2D.Tilemap.Editor", "Unity.2D.Tilemap.Editor.csproj", "{ABEAA2F2-8ED3-61A0-599B-2CC45D666F7B}"
EndProject
Project("{FAE04EC0-301F-11D3-BF4B-00C04F79EFBC}") = "Unity.2D.PixelPerfect.Editor", "Unity.2D.PixelPerfect.Editor.csproj", "{C7D021CF-2FF8-9DD0-C9DC-815D74073F5B}"
EndProject
Project("{FAE04EC0-301F-11D3-BF4B-00C04F79EFBC}") = "Unity.VSCode.Editor", "Unity.VSCode.Editor.csproj", "{7826C014-D22E-072E-C97E-6F88319B5D38}"
EndProject
Project("{FAE04EC0-301F-11D3-BF4B-00C04F79EFBC}") = "Unity.2D.Common.Editor", "Unity.2D.Common.Editor.csproj", "{BBE7A998-59A5-141E-834A-457D5B4D14F3}"
EndProject
Project("{FAE04EC0-301F-11D3-BF4B-00C04F79EFBC}") = "Unity.Mathematics.Editor", "Unity.Mathematics.Editor.csproj", "{F4C174B9-888E-37AE-9AD1-4B9C20FF611D}"
EndProject
Project("{FAE04EC0-301F-11D3-BF4B-00C04F79EFBC}") = "Unity.2D.PixelPerfect.Editor.Tests", "Unity.2D.PixelPerfect.Editor.Tests.csproj", "{8A2973E5-E20A-BF74-7C95-929957DB4EB7}"
EndProject
Project("{FAE04EC0-301F-11D3-BF4B-00C04F79EFBC}") = "Unity.2D.Common.EditorTests", "Unity.2D.Common.EditorTests.csproj", "{B12140B1-8342-FD0A-91C4-557B43F9A2E7}"
EndProject
Project("{FAE04EC0-301F-11D3-BF4B-00C04F79EFBC}") = "Unity.2D.Path.Tests", "Unity.2D.Path.Tests.csproj", "{4E9952E3-045D-157F-67B1-4320ABCA24C6}"
EndProject
Project("{FAE04EC0-301F-11D3-BF4B-00C04F79EFBC}") = "Unity.InternalAPIEditorBridge.001", "Unity.InternalAPIEditorBridge.001.csproj", "{D0914B66-2571-4328-5E64-6B0A8232CF15}"
EndProject
Project("{FAE04EC0-301F-11D3-BF4B-00C04F79EFBC}") = "Unity.2D.Tilemap.Package.EditorTests", "Unity.2D.Tilemap.Package.EditorTests.csproj", "{D2F81122-81FE-C2A8-913B-19DC4C3DCFF0}"
EndProject
Project("{FAE04EC0-301F-11D3-BF4B-00C04F79EFBC}") = "Unity.2D.Psdimporter.EditorTests", "Unity.2D.Psdimporter.EditorTests.csproj", "{30FC7635-5BD4-93AE-60F5-2CF010707D6F}"
EndProject
Project("{FAE04EC0-301F-11D3-BF4B-00C04F79EFBC}") = "Unity.2D.Sprite.Package.EditorTests", "Unity.2D.Sprite.Package.EditorTests.csproj", "{C63F10E9-DA63-22A9-0922-3B0C70819055}"
EndProject
Project("{FAE04EC0-301F-11D3-BF4B-00C04F79EFBC}") = "Unity.Nuget.NewtonsoftJson.EditorTests", "Unity.Nuget.NewtonsoftJson.EditorTests.csproj", "{DB02FF48-2FCC-9B1C-8851-AB000AD7ED63}"
EndProject
Project("{FAE04EC0-301F-11D3-BF4B-00C04F79EFBC}") = "Unity.TextMeshPro.Editor.Tests", "Unity.TextMeshPro.Editor.Tests.csproj", "{FE996134-3B94-3E69-E084-5B5EC30A801A}"
EndProject
Project("{FAE04EC0-301F-11D3-BF4B-00C04F79EFBC}") = "Unity.2D.Animation.EditorTests", "Unity.2D.Animation.EditorTests.csproj", "{6C27C321-8CA5-DBD8-84A3-4BA013F49DEA}"
EndProject
Global
	GlobalSection(SolutionConfigurationPlatforms) = preSolution
		Debug|Any CPU = Debug|Any CPU
		Release|Any CPU = Release|Any CPU
	EndGlobalSection
	GlobalSection(ProjectConfigurationPlatforms) = postSolution
		{F515D36F-9A05-61E8-40D1-074C7714FF5E}.Debug|Any CPU.ActiveCfg = Debug|Any CPU
		{F515D36F-9A05-61E8-40D1-074C7714FF5E}.Debug|Any CPU.Build.0 = Debug|Any CPU
		{F515D36F-9A05-61E8-40D1-074C7714FF5E}.Release|Any CPU.ActiveCfg = Release|Any CPU
		{F515D36F-9A05-61E8-40D1-074C7714FF5E}.Release|Any CPU.Build.0 = Release|Any CPU
		{B7D9071A-EDF7-B1DD-EB30-6B3F9C37385D}.Debug|Any CPU.ActiveCfg = Debug|Any CPU
		{B7D9071A-EDF7-B1DD-EB30-6B3F9C37385D}.Debug|Any CPU.Build.0 = Debug|Any CPU
		{B7D9071A-EDF7-B1DD-EB30-6B3F9C37385D}.Release|Any CPU.ActiveCfg = Release|Any CPU
		{B7D9071A-EDF7-B1DD-EB30-6B3F9C37385D}.Release|Any CPU.Build.0 = Release|Any CPU
		{2A6FCC18-6604-4358-4CF6-EDAE8FE2958B}.Debug|Any CPU.ActiveCfg = Debug|Any CPU
		{2A6FCC18-6604-4358-4CF6-EDAE8FE2958B}.Debug|Any CPU.Build.0 = Debug|Any CPU
		{2A6FCC18-6604-4358-4CF6-EDAE8FE2958B}.Release|Any CPU.ActiveCfg = Release|Any CPU
		{2A6FCC18-6604-4358-4CF6-EDAE8FE2958B}.Release|Any CPU.Build.0 = Release|Any CPU
		{3E34B192-68A1-4DCC-B046-D07A1957B680}.Debug|Any CPU.ActiveCfg = Debug|Any CPU
		{3E34B192-68A1-4DCC-B046-D07A1957B680}.Debug|Any CPU.Build.0 = Debug|Any CPU
		{3E34B192-68A1-4DCC-B046-D07A1957B680}.Release|Any CPU.ActiveCfg = Release|Any CPU
		{3E34B192-68A1-4DCC-B046-D07A1957B680}.Release|Any CPU.Build.0 = Release|Any CPU
		{7B8559B8-F181-38EC-02CB-C32D63D4E14F}.Debug|Any CPU.ActiveCfg = Debug|Any CPU
		{7B8559B8-F181-38EC-02CB-C32D63D4E14F}.Debug|Any CPU.Build.0 = Debug|Any CPU
		{7B8559B8-F181-38EC-02CB-C32D63D4E14F}.Release|Any CPU.ActiveCfg = Release|Any CPU
		{7B8559B8-F181-38EC-02CB-C32D63D4E14F}.Release|Any CPU.Build.0 = Release|Any CPU
		{DF6A35FF-9535-095E-17EF-7B639D7B6D48}.Debug|Any CPU.ActiveCfg = Debug|Any CPU
		{DF6A35FF-9535-095E-17EF-7B639D7B6D48}.Debug|Any CPU.Build.0 = Debug|Any CPU
		{DF6A35FF-9535-095E-17EF-7B639D7B6D48}.Release|Any CPU.ActiveCfg = Release|Any CPU
		{DF6A35FF-9535-095E-17EF-7B639D7B6D48}.Release|Any CPU.Build.0 = Release|Any CPU
		{C3AD7095-EE46-7655-ECBB-42C4423EFDB5}.Debug|Any CPU.ActiveCfg = Debug|Any CPU
		{C3AD7095-EE46-7655-ECBB-42C4423EFDB5}.Debug|Any CPU.Build.0 = Debug|Any CPU
		{C3AD7095-EE46-7655-ECBB-42C4423EFDB5}.Release|Any CPU.ActiveCfg = Release|Any CPU
		{C3AD7095-EE46-7655-ECBB-42C4423EFDB5}.Release|Any CPU.Build.0 = Release|Any CPU
		{3683D283-86CD-20FE-2FFF-B929A686A3AC}.Debug|Any CPU.ActiveCfg = Debug|Any CPU
		{3683D283-86CD-20FE-2FFF-B929A686A3AC}.Debug|Any CPU.Build.0 = Debug|Any CPU
		{3683D283-86CD-20FE-2FFF-B929A686A3AC}.Release|Any CPU.ActiveCfg = Release|Any CPU
		{3683D283-86CD-20FE-2FFF-B929A686A3AC}.Release|Any CPU.Build.0 = Release|Any CPU
		{A74C301F-7927-9805-98C1-2F1FEDE27111}.Debug|Any CPU.ActiveCfg = Debug|Any CPU
		{A74C301F-7927-9805-98C1-2F1FEDE27111}.Debug|Any CPU.Build.0 = Debug|Any CPU
		{A74C301F-7927-9805-98C1-2F1FEDE27111}.Release|Any CPU.ActiveCfg = Release|Any CPU
		{A74C301F-7927-9805-98C1-2F1FEDE27111}.Release|Any CPU.Build.0 = Release|Any CPU
		{AAC09901-7359-F7D8-1ACF-4FD60E04CB25}.Debug|Any CPU.ActiveCfg = Debug|Any CPU
		{AAC09901-7359-F7D8-1ACF-4FD60E04CB25}.Debug|Any CPU.Build.0 = Debug|Any CPU
		{AAC09901-7359-F7D8-1ACF-4FD60E04CB25}.Release|Any CPU.ActiveCfg = Release|Any CPU
		{AAC09901-7359-F7D8-1ACF-4FD60E04CB25}.Release|Any CPU.Build.0 = Release|Any CPU
		{02CF4D22-367C-ABD6-2C2B-FC4EB581FEB8}.Debug|Any CPU.ActiveCfg = Debug|Any CPU
		{02CF4D22-367C-ABD6-2C2B-FC4EB581FEB8}.Debug|Any CPU.Build.0 = Debug|Any CPU
		{02CF4D22-367C-ABD6-2C2B-FC4EB581FEB8}.Release|Any CPU.ActiveCfg = Release|Any CPU
		{02CF4D22-367C-ABD6-2C2B-FC4EB581FEB8}.Release|Any CPU.Build.0 = Release|Any CPU
		{ACA9D740-FE4B-FE64-C4CF-709179FEE61C}.Debug|Any CPU.ActiveCfg = Debug|Any CPU
		{ACA9D740-FE4B-FE64-C4CF-709179FEE61C}.Debug|Any CPU.Build.0 = Debug|Any CPU
		{ACA9D740-FE4B-FE64-C4CF-709179FEE61C}.Release|Any CPU.ActiveCfg = Release|Any CPU
		{ACA9D740-FE4B-FE64-C4CF-709179FEE61C}.Release|Any CPU.Build.0 = Release|Any CPU
		{CBAA056D-35D2-CEAF-8F43-E893A727369C}.Debug|Any CPU.ActiveCfg = Debug|Any CPU
		{CBAA056D-35D2-CEAF-8F43-E893A727369C}.Debug|Any CPU.Build.0 = Debug|Any CPU
		{CBAA056D-35D2-CEAF-8F43-E893A727369C}.Release|Any CPU.ActiveCfg = Release|Any CPU
		{CBAA056D-35D2-CEAF-8F43-E893A727369C}.Release|Any CPU.Build.0 = Release|Any CPU
		{210E0162-0EFE-E91E-B176-34D1CD1558FA}.Debug|Any CPU.ActiveCfg = Debug|Any CPU
		{210E0162-0EFE-E91E-B176-34D1CD1558FA}.Debug|Any CPU.Build.0 = Debug|Any CPU
		{210E0162-0EFE-E91E-B176-34D1CD1558FA}.Release|Any CPU.ActiveCfg = Release|Any CPU
		{210E0162-0EFE-E91E-B176-34D1CD1558FA}.Release|Any CPU.Build.0 = Release|Any CPU
		{27952470-059C-F39A-7EF7-669C3C5E5263}.Debug|Any CPU.ActiveCfg = Debug|Any CPU
		{27952470-059C-F39A-7EF7-669C3C5E5263}.Debug|Any CPU.Build.0 = Debug|Any CPU
		{27952470-059C-F39A-7EF7-669C3C5E5263}.Release|Any CPU.ActiveCfg = Release|Any CPU
		{27952470-059C-F39A-7EF7-669C3C5E5263}.Release|Any CPU.Build.0 = Release|Any CPU
		{B47AD74A-50DA-7AF8-54EB-B25BFAEE276E}.Debug|Any CPU.ActiveCfg = Debug|Any CPU
		{B47AD74A-50DA-7AF8-54EB-B25BFAEE276E}.Debug|Any CPU.Build.0 = Debug|Any CPU
		{B47AD74A-50DA-7AF8-54EB-B25BFAEE276E}.Release|Any CPU.ActiveCfg = Release|Any CPU
		{B47AD74A-50DA-7AF8-54EB-B25BFAEE276E}.Release|Any CPU.Build.0 = Release|Any CPU
		{0CFF0E08-BD94-FFF3-B3C0-011F9C2350B8}.Debug|Any CPU.ActiveCfg = Debug|Any CPU
		{0CFF0E08-BD94-FFF3-B3C0-011F9C2350B8}.Debug|Any CPU.Build.0 = Debug|Any CPU
		{0CFF0E08-BD94-FFF3-B3C0-011F9C2350B8}.Release|Any CPU.ActiveCfg = Release|Any CPU
		{0CFF0E08-BD94-FFF3-B3C0-011F9C2350B8}.Release|Any CPU.Build.0 = Release|Any CPU
		{40422C8C-BC11-8716-915A-A89C193EDB91}.Debug|Any CPU.ActiveCfg = Debug|Any CPU
		{40422C8C-BC11-8716-915A-A89C193EDB91}.Debug|Any CPU.Build.0 = Debug|Any CPU
		{40422C8C-BC11-8716-915A-A89C193EDB91}.Release|Any CPU.ActiveCfg = Release|Any CPU
		{40422C8C-BC11-8716-915A-A89C193EDB91}.Release|Any CPU.Build.0 = Release|Any CPU
		{1CFE14C8-C145-7BD1-B948-7322A95AD243}.Debug|Any CPU.ActiveCfg = Debug|Any CPU
		{1CFE14C8-C145-7BD1-B948-7322A95AD243}.Debug|Any CPU.Build.0 = Debug|Any CPU
		{1CFE14C8-C145-7BD1-B948-7322A95AD243}.Release|Any CPU.ActiveCfg = Release|Any CPU
		{1CFE14C8-C145-7BD1-B948-7322A95AD243}.Release|Any CPU.Build.0 = Release|Any CPU
		{CD225F2C-576E-336B-F986-A56093E994C8}.Debug|Any CPU.ActiveCfg = Debug|Any CPU
		{CD225F2C-576E-336B-F986-A56093E994C8}.Debug|Any CPU.Build.0 = Debug|Any CPU
		{CD225F2C-576E-336B-F986-A56093E994C8}.Release|Any CPU.ActiveCfg = Release|Any CPU
		{CD225F2C-576E-336B-F986-A56093E994C8}.Release|Any CPU.Build.0 = Release|Any CPU
		{2EB9AA10-F8A2-294B-3A1E-80090150723D}.Debug|Any CPU.ActiveCfg = Debug|Any CPU
		{2EB9AA10-F8A2-294B-3A1E-80090150723D}.Debug|Any CPU.Build.0 = Debug|Any CPU
		{2EB9AA10-F8A2-294B-3A1E-80090150723D}.Release|Any CPU.ActiveCfg = Release|Any CPU
		{2EB9AA10-F8A2-294B-3A1E-80090150723D}.Release|Any CPU.Build.0 = Release|Any CPU
		{F909BD3C-34BE-F56B-8027-DEE2063590DD}.Debug|Any CPU.ActiveCfg = Debug|Any CPU
		{F909BD3C-34BE-F56B-8027-DEE2063590DD}.Debug|Any CPU.Build.0 = Debug|Any CPU
		{F909BD3C-34BE-F56B-8027-DEE2063590DD}.Release|Any CPU.ActiveCfg = Release|Any CPU
		{F909BD3C-34BE-F56B-8027-DEE2063590DD}.Release|Any CPU.Build.0 = Release|Any CPU
		{E3A32267-03D4-2C5F-A358-E70797635659}.Debug|Any CPU.ActiveCfg = Debug|Any CPU
		{E3A32267-03D4-2C5F-A358-E70797635659}.Debug|Any CPU.Build.0 = Debug|Any CPU
		{E3A32267-03D4-2C5F-A358-E70797635659}.Release|Any CPU.ActiveCfg = Release|Any CPU
		{E3A32267-03D4-2C5F-A358-E70797635659}.Release|Any CPU.Build.0 = Release|Any CPU
		{5722D116-8BFB-CCE7-3E93-8963BA89505A}.Debug|Any CPU.ActiveCfg = Debug|Any CPU
		{5722D116-8BFB-CCE7-3E93-8963BA89505A}.Debug|Any CPU.Build.0 = Debug|Any CPU
		{5722D116-8BFB-CCE7-3E93-8963BA89505A}.Release|Any CPU.ActiveCfg = Release|Any CPU
		{5722D116-8BFB-CCE7-3E93-8963BA89505A}.Release|Any CPU.Build.0 = Release|Any CPU
		{4794A1E5-649A-F6F1-20BC-C7B6E18AEDBE}.Debug|Any CPU.ActiveCfg = Debug|Any CPU
		{4794A1E5-649A-F6F1-20BC-C7B6E18AEDBE}.Debug|Any CPU.Build.0 = Debug|Any CPU
		{4794A1E5-649A-F6F1-20BC-C7B6E18AEDBE}.Release|Any CPU.ActiveCfg = Release|Any CPU
		{4794A1E5-649A-F6F1-20BC-C7B6E18AEDBE}.Release|Any CPU.Build.0 = Release|Any CPU
		{577F392A-636C-0602-6B55-55366B9B179C}.Debug|Any CPU.ActiveCfg = Debug|Any CPU
		{577F392A-636C-0602-6B55-55366B9B179C}.Debug|Any CPU.Build.0 = Debug|Any CPU
		{577F392A-636C-0602-6B55-55366B9B179C}.Release|Any CPU.ActiveCfg = Release|Any CPU
		{577F392A-636C-0602-6B55-55366B9B179C}.Release|Any CPU.Build.0 = Release|Any CPU
		{A7D004C3-B6D6-D014-4DC0-402F22F2EC65}.Debug|Any CPU.ActiveCfg = Debug|Any CPU
		{A7D004C3-B6D6-D014-4DC0-402F22F2EC65}.Debug|Any CPU.Build.0 = Debug|Any CPU
		{A7D004C3-B6D6-D014-4DC0-402F22F2EC65}.Release|Any CPU.ActiveCfg = Release|Any CPU
		{A7D004C3-B6D6-D014-4DC0-402F22F2EC65}.Release|Any CPU.Build.0 = Release|Any CPU
		{DB2DB129-DA0E-0D3C-2096-035A624C547B}.Debug|Any CPU.ActiveCfg = Debug|Any CPU
		{DB2DB129-DA0E-0D3C-2096-035A624C547B}.Debug|Any CPU.Build.0 = Debug|Any CPU
		{DB2DB129-DA0E-0D3C-2096-035A624C547B}.Release|Any CPU.ActiveCfg = Release|Any CPU
		{DB2DB129-DA0E-0D3C-2096-035A624C547B}.Release|Any CPU.Build.0 = Release|Any CPU
		{C7F65EA2-12E1-9ABA-0BD1-527C6CE630FF}.Debug|Any CPU.ActiveCfg = Debug|Any CPU
		{C7F65EA2-12E1-9ABA-0BD1-527C6CE630FF}.Debug|Any CPU.Build.0 = Debug|Any CPU
		{C7F65EA2-12E1-9ABA-0BD1-527C6CE630FF}.Release|Any CPU.ActiveCfg = Release|Any CPU
		{C7F65EA2-12E1-9ABA-0BD1-527C6CE630FF}.Release|Any CPU.Build.0 = Release|Any CPU
		{08338220-A39C-2D36-9755-0B0B4810BBE6}.Debug|Any CPU.ActiveCfg = Debug|Any CPU
		{08338220-A39C-2D36-9755-0B0B4810BBE6}.Debug|Any CPU.Build.0 = Debug|Any CPU
		{08338220-A39C-2D36-9755-0B0B4810BBE6}.Release|Any CPU.ActiveCfg = Release|Any CPU
		{08338220-A39C-2D36-9755-0B0B4810BBE6}.Release|Any CPU.Build.0 = Release|Any CPU
		{C2D1C760-12FD-1537-A7D1-6E403F89E3DB}.Debug|Any CPU.ActiveCfg = Debug|Any CPU
		{C2D1C760-12FD-1537-A7D1-6E403F89E3DB}.Debug|Any CPU.Build.0 = Debug|Any CPU
		{C2D1C760-12FD-1537-A7D1-6E403F89E3DB}.Release|Any CPU.ActiveCfg = Release|Any CPU
		{C2D1C760-12FD-1537-A7D1-6E403F89E3DB}.Release|Any CPU.Build.0 = Release|Any CPU
		{5C18650E-BD0D-A396-D4B7-6F41FACA31D8}.Debug|Any CPU.ActiveCfg = Debug|Any CPU
		{5C18650E-BD0D-A396-D4B7-6F41FACA31D8}.Debug|Any CPU.Build.0 = Debug|Any CPU
		{5C18650E-BD0D-A396-D4B7-6F41FACA31D8}.Release|Any CPU.ActiveCfg = Release|Any CPU
		{5C18650E-BD0D-A396-D4B7-6F41FACA31D8}.Release|Any CPU.Build.0 = Release|Any CPU
		{E9EB3BFA-596F-9674-0A02-1CBD2D005CA6}.Debug|Any CPU.ActiveCfg = Debug|Any CPU
		{E9EB3BFA-596F-9674-0A02-1CBD2D005CA6}.Debug|Any CPU.Build.0 = Debug|Any CPU
		{E9EB3BFA-596F-9674-0A02-1CBD2D005CA6}.Release|Any CPU.ActiveCfg = Release|Any CPU
		{E9EB3BFA-596F-9674-0A02-1CBD2D005CA6}.Release|Any CPU.Build.0 = Release|Any CPU
		{D8C736EC-FD93-8287-8170-532F6A9DB5D9}.Debug|Any CPU.ActiveCfg = Debug|Any CPU
		{D8C736EC-FD93-8287-8170-532F6A9DB5D9}.Debug|Any CPU.Build.0 = Debug|Any CPU
		{D8C736EC-FD93-8287-8170-532F6A9DB5D9}.Release|Any CPU.ActiveCfg = Release|Any CPU
		{D8C736EC-FD93-8287-8170-532F6A9DB5D9}.Release|Any CPU.Build.0 = Release|Any CPU
		{6E4F14D2-1287-E73B-442F-1109ABE58081}.Debug|Any CPU.ActiveCfg = Debug|Any CPU
		{6E4F14D2-1287-E73B-442F-1109ABE58081}.Debug|Any CPU.Build.0 = Debug|Any CPU
		{6E4F14D2-1287-E73B-442F-1109ABE58081}.Release|Any CPU.ActiveCfg = Release|Any CPU
		{6E4F14D2-1287-E73B-442F-1109ABE58081}.Release|Any CPU.Build.0 = Release|Any CPU
		{046DD729-8F52-C8BA-3F1E-A6BF5E6B2297}.Debug|Any CPU.ActiveCfg = Debug|Any CPU
		{046DD729-8F52-C8BA-3F1E-A6BF5E6B2297}.Debug|Any CPU.Build.0 = Debug|Any CPU
		{046DD729-8F52-C8BA-3F1E-A6BF5E6B2297}.Release|Any CPU.ActiveCfg = Release|Any CPU
		{046DD729-8F52-C8BA-3F1E-A6BF5E6B2297}.Release|Any CPU.Build.0 = Release|Any CPU
		{2EE7E71A-D1AA-DCF1-336E-CF2B5128D1BC}.Debug|Any CPU.ActiveCfg = Debug|Any CPU
		{2EE7E71A-D1AA-DCF1-336E-CF2B5128D1BC}.Debug|Any CPU.Build.0 = Debug|Any CPU
		{2EE7E71A-D1AA-DCF1-336E-CF2B5128D1BC}.Release|Any CPU.ActiveCfg = Release|Any CPU
		{2EE7E71A-D1AA-DCF1-336E-CF2B5128D1BC}.Release|Any CPU.Build.0 = Release|Any CPU
		{7A9E21A2-90C3-9BB0-F4C1-4B7A827DB0F8}.Debug|Any CPU.ActiveCfg = Debug|Any CPU
		{7A9E21A2-90C3-9BB0-F4C1-4B7A827DB0F8}.Debug|Any CPU.Build.0 = Debug|Any CPU
		{7A9E21A2-90C3-9BB0-F4C1-4B7A827DB0F8}.Release|Any CPU.ActiveCfg = Release|Any CPU
		{7A9E21A2-90C3-9BB0-F4C1-4B7A827DB0F8}.Release|Any CPU.Build.0 = Release|Any CPU
		{ABEAA2F2-8ED3-61A0-599B-2CC45D666F7B}.Debug|Any CPU.ActiveCfg = Debug|Any CPU
		{ABEAA2F2-8ED3-61A0-599B-2CC45D666F7B}.Debug|Any CPU.Build.0 = Debug|Any CPU
		{ABEAA2F2-8ED3-61A0-599B-2CC45D666F7B}.Release|Any CPU.ActiveCfg = Release|Any CPU
		{ABEAA2F2-8ED3-61A0-599B-2CC45D666F7B}.Release|Any CPU.Build.0 = Release|Any CPU
		{C7D021CF-2FF8-9DD0-C9DC-815D74073F5B}.Debug|Any CPU.ActiveCfg = Debug|Any CPU
		{C7D021CF-2FF8-9DD0-C9DC-815D74073F5B}.Debug|Any CPU.Build.0 = Debug|Any CPU
		{C7D021CF-2FF8-9DD0-C9DC-815D74073F5B}.Release|Any CPU.ActiveCfg = Release|Any CPU
		{C7D021CF-2FF8-9DD0-C9DC-815D74073F5B}.Release|Any CPU.Build.0 = Release|Any CPU
		{7826C014-D22E-072E-C97E-6F88319B5D38}.Debug|Any CPU.ActiveCfg = Debug|Any CPU
		{7826C014-D22E-072E-C97E-6F88319B5D38}.Debug|Any CPU.Build.0 = Debug|Any CPU
		{7826C014-D22E-072E-C97E-6F88319B5D38}.Release|Any CPU.ActiveCfg = Release|Any CPU
		{7826C014-D22E-072E-C97E-6F88319B5D38}.Release|Any CPU.Build.0 = Release|Any CPU
		{BBE7A998-59A5-141E-834A-457D5B4D14F3}.Debug|Any CPU.ActiveCfg = Debug|Any CPU
		{BBE7A998-59A5-141E-834A-457D5B4D14F3}.Debug|Any CPU.Build.0 = Debug|Any CPU
		{BBE7A998-59A5-141E-834A-457D5B4D14F3}.Release|Any CPU.ActiveCfg = Release|Any CPU
		{BBE7A998-59A5-141E-834A-457D5B4D14F3}.Release|Any CPU.Build.0 = Release|Any CPU
		{F4C174B9-888E-37AE-9AD1-4B9C20FF611D}.Debug|Any CPU.ActiveCfg = Debug|Any CPU
		{F4C174B9-888E-37AE-9AD1-4B9C20FF611D}.Debug|Any CPU.Build.0 = Debug|Any CPU
		{F4C174B9-888E-37AE-9AD1-4B9C20FF611D}.Release|Any CPU.ActiveCfg = Release|Any CPU
		{F4C174B9-888E-37AE-9AD1-4B9C20FF611D}.Release|Any CPU.Build.0 = Release|Any CPU
		{8A2973E5-E20A-BF74-7C95-929957DB4EB7}.Debug|Any CPU.ActiveCfg = Debug|Any CPU
		{8A2973E5-E20A-BF74-7C95-929957DB4EB7}.Debug|Any CPU.Build.0 = Debug|Any CPU
		{8A2973E5-E20A-BF74-7C95-929957DB4EB7}.Release|Any CPU.ActiveCfg = Release|Any CPU
		{8A2973E5-E20A-BF74-7C95-929957DB4EB7}.Release|Any CPU.Build.0 = Release|Any CPU
		{B12140B1-8342-FD0A-91C4-557B43F9A2E7}.Debug|Any CPU.ActiveCfg = Debug|Any CPU
		{B12140B1-8342-FD0A-91C4-557B43F9A2E7}.Debug|Any CPU.Build.0 = Debug|Any CPU
		{B12140B1-8342-FD0A-91C4-557B43F9A2E7}.Release|Any CPU.ActiveCfg = Release|Any CPU
		{B12140B1-8342-FD0A-91C4-557B43F9A2E7}.Release|Any CPU.Build.0 = Release|Any CPU
		{4E9952E3-045D-157F-67B1-4320ABCA24C6}.Debug|Any CPU.ActiveCfg = Debug|Any CPU
		{4E9952E3-045D-157F-67B1-4320ABCA24C6}.Debug|Any CPU.Build.0 = Debug|Any CPU
		{4E9952E3-045D-157F-67B1-4320ABCA24C6}.Release|Any CPU.ActiveCfg = Release|Any CPU
		{4E9952E3-045D-157F-67B1-4320ABCA24C6}.Release|Any CPU.Build.0 = Release|Any CPU
		{D0914B66-2571-4328-5E64-6B0A8232CF15}.Debug|Any CPU.ActiveCfg = Debug|Any CPU
		{D0914B66-2571-4328-5E64-6B0A8232CF15}.Debug|Any CPU.Build.0 = Debug|Any CPU
		{D0914B66-2571-4328-5E64-6B0A8232CF15}.Release|Any CPU.ActiveCfg = Release|Any CPU
		{D0914B66-2571-4328-5E64-6B0A8232CF15}.Release|Any CPU.Build.0 = Release|Any CPU
		{D2F81122-81FE-C2A8-913B-19DC4C3DCFF0}.Debug|Any CPU.ActiveCfg = Debug|Any CPU
		{D2F81122-81FE-C2A8-913B-19DC4C3DCFF0}.Debug|Any CPU.Build.0 = Debug|Any CPU
		{D2F81122-81FE-C2A8-913B-19DC4C3DCFF0}.Release|Any CPU.ActiveCfg = Release|Any CPU
		{D2F81122-81FE-C2A8-913B-19DC4C3DCFF0}.Release|Any CPU.Build.0 = Release|Any CPU
		{30FC7635-5BD4-93AE-60F5-2CF010707D6F}.Debug|Any CPU.ActiveCfg = Debug|Any CPU
		{30FC7635-5BD4-93AE-60F5-2CF010707D6F}.Debug|Any CPU.Build.0 = Debug|Any CPU
		{30FC7635-5BD4-93AE-60F5-2CF010707D6F}.Release|Any CPU.ActiveCfg = Release|Any CPU
		{30FC7635-5BD4-93AE-60F5-2CF010707D6F}.Release|Any CPU.Build.0 = Release|Any CPU
		{C63F10E9-DA63-22A9-0922-3B0C70819055}.Debug|Any CPU.ActiveCfg = Debug|Any CPU
		{C63F10E9-DA63-22A9-0922-3B0C70819055}.Debug|Any CPU.Build.0 = Debug|Any CPU
		{C63F10E9-DA63-22A9-0922-3B0C70819055}.Release|Any CPU.ActiveCfg = Release|Any CPU
		{C63F10E9-DA63-22A9-0922-3B0C70819055}.Release|Any CPU.Build.0 = Release|Any CPU
		{DB02FF48-2FCC-9B1C-8851-AB000AD7ED63}.Debug|Any CPU.ActiveCfg = Debug|Any CPU
		{DB02FF48-2FCC-9B1C-8851-AB000AD7ED63}.Debug|Any CPU.Build.0 = Debug|Any CPU
		{DB02FF48-2FCC-9B1C-8851-AB000AD7ED63}.Release|Any CPU.ActiveCfg = Release|Any CPU
		{DB02FF48-2FCC-9B1C-8851-AB000AD7ED63}.Release|Any CPU.Build.0 = Release|Any CPU
		{FE996134-3B94-3E69-E084-5B5EC30A801A}.Debug|Any CPU.ActiveCfg = Debug|Any CPU
		{FE996134-3B94-3E69-E084-5B5EC30A801A}.Debug|Any CPU.Build.0 = Debug|Any CPU
		{FE996134-3B94-3E69-E084-5B5EC30A801A}.Release|Any CPU.ActiveCfg = Release|Any CPU
		{FE996134-3B94-3E69-E084-5B5EC30A801A}.Release|Any CPU.Build.0 = Release|Any CPU
		{6C27C321-8CA5-DBD8-84A3-4BA013F49DEA}.Debug|Any CPU.ActiveCfg = Debug|Any CPU
		{6C27C321-8CA5-DBD8-84A3-4BA013F49DEA}.Debug|Any CPU.Build.0 = Debug|Any CPU
		{6C27C321-8CA5-DBD8-84A3-4BA013F49DEA}.Release|Any CPU.ActiveCfg = Release|Any CPU
		{6C27C321-8CA5-DBD8-84A3-4BA013F49DEA}.Release|Any CPU.Build.0 = Release|Any CPU
	EndGlobalSection
	GlobalSection(SolutionProperties) = preSolution
		HideSolutionNode = FALSE
	EndGlobalSection
EndGlobal
